
Microsoft Visual Studio Solution File, Format Version 12.00
# Visual Studio Version 17
VisualStudioVersion = 17.9.34622.214
MinimumVisualStudioVersion = 10.0.40219.1
Project("{FAE04EC0-301F-11D3-BF4B-00C04F79EFBC}") = "ShoppingCart", "ShoppingCart.csproj", "{EEDADD05-60B9-4DCC-982F-6A930A5C9967}"
EndProject
Global
	GlobalSection(SolutionConfigurationPlatforms) = preSolution
		Debug|Any CPU = Debug|Any CPU
		Release|Any CPU = Release|Any CPU
	EndGlobalSection
	GlobalSection(ProjectConfigurationPlatforms) = postSolution
		{EEDADD05-60B9-4DCC-982F-6A930A5C9967}.Debug|Any CPU.ActiveCfg = Debug|Any CPU
		{EEDADD05-60B9-4DCC-982F-6A930A5C9967}.Debug|Any CPU.Build.0 = Debug|Any CPU
		{EEDADD05-60B9-4DCC-982F-6A930A5C9967}.Release|Any CPU.ActiveCfg = Release|Any CPU
		{EEDADD05-60B9-4DCC-982F-6A930A5C9967}.Release|Any CPU.Build.0 = Release|Any CPU
	EndGlobalSection
	GlobalSection(SolutionProperties) = preSolution
		HideSolutionNode = FALSE
	EndGlobalSection
	GlobalSection(ExtensibilityGlobals) = postSolution
		SolutionGuid = {99F0BC5B-8710-4F5F-91B1-B7E550A1B765}
	EndGlobalSection
EndGlobal
